# THIS IS AN AUTOGENERATED FILE. DO NOT EDIT THIS FILE DIRECTLY.
# yarn lockfile v1


"@types/dotenv@^6.1.1":
  version "6.1.1"
  resolved "https://registry.yarnpkg.com/@types/dotenv/-/dotenv-6.1.1.tgz#f7ce1cc4fe34f0a4373ba99fefa437b0bec54b46"
  integrity sha512-ftQl3DtBvqHl9L16tpqqzA4YzCSXZfi7g8cQceTz5rOlYtk/IZbFjAv3mLOQlNIgOaylCQWQoBdDQHPgEBJPHg==
  dependencies:
    "@types/node" "*"

"@types/node@*":
  version "12.7.11"
  resolved "https://registry.yarnpkg.com/@types/node/-/node-12.7.11.tgz#be879b52031cfb5d295b047f5462d8ef1a716446"
  integrity sha512-Otxmr2rrZLKRYIybtdG/sgeO+tHY20GxeDjcGmUnmmlCWyEnv2a2x1ZXBo3BTec4OiTXMQCiazB8NMBf0iRlFw==

dotenv@^8.1.0:
  version "8.1.0"
  resolved "https://registry.yarnpkg.com/dotenv/-/dotenv-8.1.0.tgz#d811e178652bfb8a1e593c6dd704ec7e90d85ea2"
  integrity sha512-GUE3gqcDCaMltj2++g6bRQ5rBJWtkWTmqmD0fo1RnnMuUqHNCt2oTPeDnS9n6fKYvlhn7AeBkb38lymBtWBQdA==
